
Microsoft Visual Studio Solution File, Format Version 12.00
# Visual Studio Version 17
VisualStudioVersion = 17.0.31903.59
MinimumVisualStudioVersion = 10.0.40219.1
Project("{FAE04EC0-301F-11D3-BF4B-00C04F79EFBC}") = "Uno.Sdk.Updater", "Uno.Sdk.Updater.csproj", "{0FCDCBE0-BD31-4EE9-A3A8-A5DC971C548C}"
EndProject
Global
	GlobalSection(SolutionConfigurationPlatforms) = preSolution
		Debug|Any CPU = Debug|Any CPU
		Release|Any CPU = Release|Any CPU
	EndGlobalSection
	GlobalSection(SolutionProperties) = preSolution
		HideSolutionNode = FALSE
	EndGlobalSection
	GlobalSection(ProjectConfigurationPlatforms) = postSolution
		{0FCDCBE0-BD31-4EE9-A3A8-A5DC971C548C}.Debug|Any CPU.ActiveCfg = Debug|Any CPU
		{0FCDCBE0-BD31-4EE9-A3A8-A5DC971C548C}.Debug|Any CPU.Build.0 = Debug|Any CPU
		{0FCDCBE0-BD31-4EE9-A3A8-A5DC971C548C}.Release|Any CPU.ActiveCfg = Release|Any CPU
		{0FCDCBE0-BD31-4EE9-A3A8-A5DC971C548C}.Release|Any CPU.Build.0 = Release|Any CPU
	EndGlobalSection
EndGlobal
